
Microsoft Visual Studio Solution File, Format Version 12.00
# Visual Studio Version 17
VisualStudioVersion = 17.5.33502.453
MinimumVisualStudioVersion = 10.0.40219.1
Project("{8BC9CEB8-8B4A-11D0-8D11-00A0C91BC942}") = "Clock Display", "Clock Display\Clock Display.vcxproj", "{900C3FA4-27B4-4843-8CA0-ED3A301597ED}"
EndProject
Project("{8BC9CEB8-8B4A-11D0-8D11-00A0C91BC942}") = "parctice", "parctice\parctice.vcxproj", "{85189409-8441-4F9A-95B2-DE8EBE11BBAF}"
EndProject
Global
	GlobalSection(SolutionConfigurationPlatforms) = preSolution
		Debug|x64 = Debug|x64
		Debug|x86 = Debug|x86
		Release|x64 = Release|x64
		Release|x86 = Release|x86
	EndGlobalSection
	GlobalSection(ProjectConfigurationPlatforms) = postSolution
		{900C3FA4-27B4-4843-8CA0-ED3A301597ED}.Debug|x64.ActiveCfg = Debug|x64
		{900C3FA4-27B4-4843-8CA0-ED3A301597ED}.Debug|x64.Build.0 = Debug|x64
		{900C3FA4-27B4-4843-8CA0-ED3A301597ED}.Debug|x86.ActiveCfg = Debug|Win32
		{900C3FA4-27B4-4843-8CA0-ED3A301597ED}.Debug|x86.Build.0 = Debug|Win32
		{900C3FA4-27B4-4843-8CA0-ED3A301597ED}.Release|x64.ActiveCfg = Release|x64
		{900C3FA4-27B4-4843-8CA0-ED3A301597ED}.Release|x64.Build.0 = Release|x64
		{900C3FA4-27B4-4843-8CA0-ED3A301597ED}.Release|x86.ActiveCfg = Release|Win32
		{900C3FA4-27B4-4843-8CA0-ED3A301597ED}.Release|x86.Build.0 = Release|Win32
		{85189409-8441-4F9A-95B2-DE8EBE11BBAF}.Debug|x64.ActiveCfg = Debug|x64
		{85189409-8441-4F9A-95B2-DE8EBE11BBAF}.Debug|x64.Build.0 = Debug|x64
		{85189409-8441-4F9A-95B2-DE8EBE11BBAF}.Debug|x86.ActiveCfg = Debug|Win32
		{85189409-8441-4F9A-95B2-DE8EBE11BBAF}.Debug|x86.Build.0 = Debug|Win32
		{85189409-8441-4F9A-95B2-DE8EBE11BBAF}.Release|x64.ActiveCfg = Release|x64
		{85189409-8441-4F9A-95B2-DE8EBE11BBAF}.Release|x64.Build.0 = Release|x64
		{85189409-8441-4F9A-95B2-DE8EBE11BBAF}.Release|x86.ActiveCfg = Release|Win32
		{85189409-8441-4F9A-95B2-DE8EBE11BBAF}.Release|x86.Build.0 = Release|Win32
	EndGlobalSection
	GlobalSection(SolutionProperties) = preSolution
		HideSolutionNode = FALSE
	EndGlobalSection
	GlobalSection(ExtensibilityGlobals) = postSolution
		SolutionGuid = {F62D3DBD-4E06-49C5-AA0A-B977A196CE74}
	EndGlobalSection
EndGlobal
